
Microsoft Visual Studio Solution File, Format Version 12.00
# Visual Studio 2013
VisualStudioVersion = 12.0.31101.0
MinimumVisualStudioVersion = 10.0.40219.1
Project("{FAE04EC0-301F-11D3-BF4B-00C04F79EFBC}") = "rwpf", "rwpf\rwpf.csproj", "{55D65FBE-4991-4DA2-988F-9AB02049F3E0}"
EndProject
Project("{2150E333-8FDC-42A3-9474-1A3956D46DE8}") = "Solution Items", "Solution Items", "{30703D33-F40F-4AAC-A029-B566E95D7396}"
EndProject
Project("{FAE04EC0-301F-11D3-BF4B-00C04F79EFBC}") = "SampleApp", "SampleApp\SampleApp.csproj", "{1E071CC4-5B01-4042-A090-B22E1369F98D}"
EndProject
Global
	GlobalSection(SolutionConfigurationPlatforms) = preSolution
		Debug|Any CPU = Debug|Any CPU
		Release|Any CPU = Release|Any CPU
	EndGlobalSection
	GlobalSection(ProjectConfigurationPlatforms) = postSolution
		{55D65FBE-4991-4DA2-988F-9AB02049F3E0}.Debug|Any CPU.ActiveCfg = Debug|Any CPU
		{55D65FBE-4991-4DA2-988F-9AB02049F3E0}.Debug|Any CPU.Build.0 = Debug|Any CPU
		{55D65FBE-4991-4DA2-988F-9AB02049F3E0}.Release|Any CPU.ActiveCfg = Release|Any CPU
		{55D65FBE-4991-4DA2-988F-9AB02049F3E0}.Release|Any CPU.Build.0 = Release|Any CPU
		{1E071CC4-5B01-4042-A090-B22E1369F98D}.Debug|Any CPU.ActiveCfg = Debug|Any CPU
		{1E071CC4-5B01-4042-A090-B22E1369F98D}.Debug|Any CPU.Build.0 = Debug|Any CPU
		{1E071CC4-5B01-4042-A090-B22E1369F98D}.Release|Any CPU.ActiveCfg = Release|Any CPU
		{1E071CC4-5B01-4042-A090-B22E1369F98D}.Release|Any CPU.Build.0 = Release|Any CPU
	EndGlobalSection
	GlobalSection(SolutionProperties) = preSolution
		HideSolutionNode = FALSE
	EndGlobalSection
EndGlobal
